
Microsoft Visual Studio Solution File, Format Version 12.00
# Visual Studio Version 17
VisualStudioVersion = 17.4.33110.190
MinimumVisualStudioVersion = 10.0.40219.1
Project("{FAE04EC0-301F-11D3-BF4B-00C04F79EFBC}") = "HotelBookingApp", "HotelBookingApp\HotelBookingApp.csproj", "{6E19B597-C936-45E3-A740-2710B0CAB560}"
EndProject
Global
	GlobalSection(SolutionConfigurationPlatforms) = preSolution
		Debug|Any CPU = Debug|Any CPU
		Release|Any CPU = Release|Any CPU
	EndGlobalSection
	GlobalSection(ProjectConfigurationPlatforms) = postSolution
		{6E19B597-C936-45E3-A740-2710B0CAB560}.Debug|Any CPU.ActiveCfg = Debug|Any CPU
		{6E19B597-C936-45E3-A740-2710B0CAB560}.Debug|Any CPU.Build.0 = Debug|Any CPU
		{6E19B597-C936-45E3-A740-2710B0CAB560}.Release|Any CPU.ActiveCfg = Release|Any CPU
		{6E19B597-C936-45E3-A740-2710B0CAB560}.Release|Any CPU.Build.0 = Release|Any CPU
	EndGlobalSection
	GlobalSection(SolutionProperties) = preSolution
		HideSolutionNode = FALSE
	EndGlobalSection
	GlobalSection(ExtensibilityGlobals) = postSolution
		SolutionGuid = {8A0F54D2-6614-461A-BD94-691CFA329E72}
	EndGlobalSection
EndGlobal
